
Microsoft Visual Studio Solution File, Format Version 12.00
# Visual Studio Version 16
VisualStudioVersion = 16.0.29728.190
MinimumVisualStudioVersion = 10.0.40219.1
Project("{FAE04EC0-301F-11D3-BF4B-00C04F79EFBC}") = "WpfScenariosEolienne", "WpfScenariosEolienne\WpfScenariosEolienne.csproj", "{9F1A3B32-A082-463D-90B6-048A6FAE1DD8}"
EndProject
Global
	GlobalSection(SolutionConfigurationPlatforms) = preSolution
		Debug|Any CPU = Debug|Any CPU
		Release|Any CPU = Release|Any CPU
	EndGlobalSection
	GlobalSection(ProjectConfigurationPlatforms) = postSolution
		{9F1A3B32-A082-463D-90B6-048A6FAE1DD8}.Debug|Any CPU.ActiveCfg = Debug|Any CPU
		{9F1A3B32-A082-463D-90B6-048A6FAE1DD8}.Debug|Any CPU.Build.0 = Debug|Any CPU
		{9F1A3B32-A082-463D-90B6-048A6FAE1DD8}.Release|Any CPU.ActiveCfg = Release|Any CPU
		{9F1A3B32-A082-463D-90B6-048A6FAE1DD8}.Release|Any CPU.Build.0 = Release|Any CPU
	EndGlobalSection
	GlobalSection(SolutionProperties) = preSolution
		HideSolutionNode = FALSE
	EndGlobalSection
	GlobalSection(ExtensibilityGlobals) = postSolution
		SolutionGuid = {E8154852-79C9-40AC-9953-655337C60BBB}
	EndGlobalSection
EndGlobal
